
Microsoft Visual Studio Solution File, Format Version 12.00
# Visual Studio 14
VisualStudioVersion = 14.0.25420.1
MinimumVisualStudioVersion = 10.0.40219.1
Project("{FAE04EC0-301F-11D3-BF4B-00C04F79EFBC}") = "WebApiSinAlitas", "WebApiSinAlitas\WebApiSinAlitas.csproj", "{5C8BB95A-6B67-42D7-9195-862596C57013}"
EndProject
Project("{FAE04EC0-301F-11D3-BF4B-00C04F79EFBC}") = "VCFramework.Entidad", "VCFramework.Entidad\VCFramework.Entidad.csproj", "{CBECF1DE-87BB-491C-951F-03AF269921A0}"
EndProject
Project("{FAE04EC0-301F-11D3-BF4B-00C04F79EFBC}") = "VCFramework.NegocioMySql", "VCFramework.NegocioMySql\VCFramework.NegocioMySql.csproj", "{518D7969-AA46-47C4-860D-8B8444033864}"
EndProject
Global
	GlobalSection(SolutionConfigurationPlatforms) = preSolution
		Debug|Any CPU = Debug|Any CPU
		Release|Any CPU = Release|Any CPU
	EndGlobalSection
	GlobalSection(ProjectConfigurationPlatforms) = postSolution
		{5C8BB95A-6B67-42D7-9195-862596C57013}.Debug|Any CPU.ActiveCfg = Debug|Any CPU
		{5C8BB95A-6B67-42D7-9195-862596C57013}.Debug|Any CPU.Build.0 = Debug|Any CPU
		{5C8BB95A-6B67-42D7-9195-862596C57013}.Release|Any CPU.ActiveCfg = Release|Any CPU
		{5C8BB95A-6B67-42D7-9195-862596C57013}.Release|Any CPU.Build.0 = Release|Any CPU
		{CBECF1DE-87BB-491C-951F-03AF269921A0}.Debug|Any CPU.ActiveCfg = Debug|Any CPU
		{CBECF1DE-87BB-491C-951F-03AF269921A0}.Debug|Any CPU.Build.0 = Debug|Any CPU
		{CBECF1DE-87BB-491C-951F-03AF269921A0}.Release|Any CPU.ActiveCfg = Release|Any CPU
		{CBECF1DE-87BB-491C-951F-03AF269921A0}.Release|Any CPU.Build.0 = Release|Any CPU
		{518D7969-AA46-47C4-860D-8B8444033864}.Debug|Any CPU.ActiveCfg = Debug|Any CPU
		{518D7969-AA46-47C4-860D-8B8444033864}.Debug|Any CPU.Build.0 = Debug|Any CPU
		{518D7969-AA46-47C4-860D-8B8444033864}.Release|Any CPU.ActiveCfg = Release|Any CPU
		{518D7969-AA46-47C4-860D-8B8444033864}.Release|Any CPU.Build.0 = Release|Any CPU
	EndGlobalSection
	GlobalSection(SolutionProperties) = preSolution
		HideSolutionNode = FALSE
	EndGlobalSection
EndGlobal
